
Microsoft Visual Studio Solution File, Format Version 12.00
# Visual Studio Version 17
VisualStudioVersion = 17.1.32421.90
MinimumVisualStudioVersion = 10.0.40219.1
Project("{FAE04EC0-301F-11D3-BF4B-00C04F79EFBC}") = "S8_Complet", "S8_Complet\S8_Complet.csproj", "{342AD123-8487-4AF4-9420-216604A56942}"
EndProject
Global
	GlobalSection(SolutionConfigurationPlatforms) = preSolution
		Debug|Any CPU = Debug|Any CPU
		Release|Any CPU = Release|Any CPU
	EndGlobalSection
	GlobalSection(ProjectConfigurationPlatforms) = postSolution
		{342AD123-8487-4AF4-9420-216604A56942}.Debug|Any CPU.ActiveCfg = Debug|Any CPU
		{342AD123-8487-4AF4-9420-216604A56942}.Debug|Any CPU.Build.0 = Debug|Any CPU
		{342AD123-8487-4AF4-9420-216604A56942}.Release|Any CPU.ActiveCfg = Release|Any CPU
		{342AD123-8487-4AF4-9420-216604A56942}.Release|Any CPU.Build.0 = Release|Any CPU
	EndGlobalSection
	GlobalSection(SolutionProperties) = preSolution
		HideSolutionNode = FALSE
	EndGlobalSection
	GlobalSection(ExtensibilityGlobals) = postSolution
		SolutionGuid = {A0D405E6-3590-4A68-BD9A-EFA56100414C}
	EndGlobalSection
EndGlobal
