
Microsoft Visual Studio Solution File, Format Version 12.00
# Visual Studio Version 16
VisualStudioVersion = 16.0.32106.194
MinimumVisualStudioVersion = 10.0.40219.1
Project("{FAE04EC0-301F-11D3-BF4B-00C04F79EFBC}") = "S8__API", "S8__API.csproj", "{05376D1A-B639-4BF9-9D36-6ED57B0AE26A}"
EndProject
Global
	GlobalSection(SolutionConfigurationPlatforms) = preSolution
		Debug|Any CPU = Debug|Any CPU
		Release|Any CPU = Release|Any CPU
	EndGlobalSection
	GlobalSection(ProjectConfigurationPlatforms) = postSolution
		{05376D1A-B639-4BF9-9D36-6ED57B0AE26A}.Debug|Any CPU.ActiveCfg = Debug|Any CPU
		{05376D1A-B639-4BF9-9D36-6ED57B0AE26A}.Debug|Any CPU.Build.0 = Debug|Any CPU
		{05376D1A-B639-4BF9-9D36-6ED57B0AE26A}.Release|Any CPU.ActiveCfg = Release|Any CPU
		{05376D1A-B639-4BF9-9D36-6ED57B0AE26A}.Release|Any CPU.Build.0 = Release|Any CPU
	EndGlobalSection
	GlobalSection(SolutionProperties) = preSolution
		HideSolutionNode = FALSE
	EndGlobalSection
	GlobalSection(ExtensibilityGlobals) = postSolution
		SolutionGuid = {D9ADC99A-965C-4249-9D8D-4F9EDC7BD30C}
	EndGlobalSection
EndGlobal
