
Microsoft Visual Studio Solution File, Format Version 12.00
# Visual Studio Version 17
VisualStudioVersion = 17.1.32421.90
MinimumVisualStudioVersion = 10.0.40219.1
Project("{FAE04EC0-301F-11D3-BF4B-00C04F79EFBC}") = "S8__Client", "S8__Client\S8__Client.csproj", "{51AC7949-DB36-4BC4-854E-AD30FA1BBEF3}"
EndProject
Project("{9A19103F-16F7-4668-BE54-9A1E7A4F7556}") = "S8__API", "..\S8__API\S8__API.csproj", "{B1D4A576-07EA-4D4B-81D9-7DA657B1AD26}"
EndProject
Global
	GlobalSection(SolutionConfigurationPlatforms) = preSolution
		Debug|Any CPU = Debug|Any CPU
		Release|Any CPU = Release|Any CPU
	EndGlobalSection
	GlobalSection(ProjectConfigurationPlatforms) = postSolution
		{51AC7949-DB36-4BC4-854E-AD30FA1BBEF3}.Debug|Any CPU.ActiveCfg = Debug|Any CPU
		{51AC7949-DB36-4BC4-854E-AD30FA1BBEF3}.Debug|Any CPU.Build.0 = Debug|Any CPU
		{51AC7949-DB36-4BC4-854E-AD30FA1BBEF3}.Release|Any CPU.ActiveCfg = Release|Any CPU
		{51AC7949-DB36-4BC4-854E-AD30FA1BBEF3}.Release|Any CPU.Build.0 = Release|Any CPU
		{B1D4A576-07EA-4D4B-81D9-7DA657B1AD26}.Debug|Any CPU.ActiveCfg = Debug|Any CPU
		{B1D4A576-07EA-4D4B-81D9-7DA657B1AD26}.Debug|Any CPU.Build.0 = Debug|Any CPU
		{B1D4A576-07EA-4D4B-81D9-7DA657B1AD26}.Release|Any CPU.ActiveCfg = Release|Any CPU
		{B1D4A576-07EA-4D4B-81D9-7DA657B1AD26}.Release|Any CPU.Build.0 = Release|Any CPU
	EndGlobalSection
	GlobalSection(SolutionProperties) = preSolution
		HideSolutionNode = FALSE
	EndGlobalSection
	GlobalSection(ExtensibilityGlobals) = postSolution
		SolutionGuid = {253C4E41-DF8A-419A-8CBF-02D2C1716FEE}
	EndGlobalSection
EndGlobal
